
Microsoft Visual Studio Solution File, Format Version 12.00
# Visual Studio Version 17
VisualStudioVersion = 17.0.31825.309
MinimumVisualStudioVersion = 10.0.40219.1
Project("{9A19103F-16F7-4668-BE54-9A1E7A4F7556}") = "01", "01\01.csproj", "{7F8EB811-2EA4-4D14-AB95-C6BA84194F98}"
EndProject
Project("{9A19103F-16F7-4668-BE54-9A1E7A4F7556}") = "02", "02\02.csproj", "{47713CB2-453C-4218-8061-2FDD1A0120C5}"
EndProject
Project("{9A19103F-16F7-4668-BE54-9A1E7A4F7556}") = "03", "03\03.csproj", "{7B9E27C4-CA50-431D-82B2-EA1AA0E439E4}"
EndProject
Project("{9A19103F-16F7-4668-BE54-9A1E7A4F7556}") = "04", "04\04.csproj", "{0ED00992-2530-440B-89B6-7B60F83EAE3D}"
EndProject
Project("{9A19103F-16F7-4668-BE54-9A1E7A4F7556}") = "05", "05\05.csproj", "{570965FA-B273-45E7-AFF8-21E0FA722E2A}"
EndProject
Project("{9A19103F-16F7-4668-BE54-9A1E7A4F7556}") = "Common", "Common\Common.csproj", "{5816C966-B375-407E-812C-80D305E7EC7C}"
EndProject
Project("{9A19103F-16F7-4668-BE54-9A1E7A4F7556}") = "06", "06\06.csproj", "{B5075D0F-58E3-428F-AFC4-01BB724E6E1D}"
EndProject
Project("{9A19103F-16F7-4668-BE54-9A1E7A4F7556}") = "07", "07\07.csproj", "{E6A6A929-0CE1-4CD7-9EA6-EB31381E91A3}"
EndProject
Project("{9A19103F-16F7-4668-BE54-9A1E7A4F7556}") = "08", "08\08.csproj", "{6CCF3CC5-C884-4B89-BB28-3A37CEEE877B}"
EndProject
Project("{9A19103F-16F7-4668-BE54-9A1E7A4F7556}") = "09", "09\09.csproj", "{359B50E2-0189-4A84-842B-E90E7C9A7D02}"
EndProject
Project("{9A19103F-16F7-4668-BE54-9A1E7A4F7556}") = "10", "10\10.csproj", "{E566DB3A-568F-4E79-8AC6-7933C140B574}"
EndProject
Project("{9A19103F-16F7-4668-BE54-9A1E7A4F7556}") = "11", "11\11.csproj", "{AD9EDCC5-BA71-4975-BF03-ACDED5AED8CF}"
EndProject
Project("{FAE04EC0-301F-11D3-BF4B-00C04F79EFBC}") = "12", "12\12.csproj", "{F69277DC-BFDB-4AA2-818C-EA645C528ECB}"
EndProject
Global
	GlobalSection(SolutionConfigurationPlatforms) = preSolution
		Debug|Any CPU = Debug|Any CPU
		Release|Any CPU = Release|Any CPU
	EndGlobalSection
	GlobalSection(ProjectConfigurationPlatforms) = postSolution
		{7F8EB811-2EA4-4D14-AB95-C6BA84194F98}.Debug|Any CPU.ActiveCfg = Debug|Any CPU
		{7F8EB811-2EA4-4D14-AB95-C6BA84194F98}.Debug|Any CPU.Build.0 = Debug|Any CPU
		{7F8EB811-2EA4-4D14-AB95-C6BA84194F98}.Release|Any CPU.ActiveCfg = Release|Any CPU
		{7F8EB811-2EA4-4D14-AB95-C6BA84194F98}.Release|Any CPU.Build.0 = Release|Any CPU
		{47713CB2-453C-4218-8061-2FDD1A0120C5}.Debug|Any CPU.ActiveCfg = Debug|Any CPU
		{47713CB2-453C-4218-8061-2FDD1A0120C5}.Debug|Any CPU.Build.0 = Debug|Any CPU
		{47713CB2-453C-4218-8061-2FDD1A0120C5}.Release|Any CPU.ActiveCfg = Release|Any CPU
		{47713CB2-453C-4218-8061-2FDD1A0120C5}.Release|Any CPU.Build.0 = Release|Any CPU
		{7B9E27C4-CA50-431D-82B2-EA1AA0E439E4}.Debug|Any CPU.ActiveCfg = Debug|Any CPU
		{7B9E27C4-CA50-431D-82B2-EA1AA0E439E4}.Debug|Any CPU.Build.0 = Debug|Any CPU
		{7B9E27C4-CA50-431D-82B2-EA1AA0E439E4}.Release|Any CPU.ActiveCfg = Release|Any CPU
		{7B9E27C4-CA50-431D-82B2-EA1AA0E439E4}.Release|Any CPU.Build.0 = Release|Any CPU
		{0ED00992-2530-440B-89B6-7B60F83EAE3D}.Debug|Any CPU.ActiveCfg = Debug|Any CPU
		{0ED00992-2530-440B-89B6-7B60F83EAE3D}.Debug|Any CPU.Build.0 = Debug|Any CPU
		{0ED00992-2530-440B-89B6-7B60F83EAE3D}.Release|Any CPU.ActiveCfg = Release|Any CPU
		{0ED00992-2530-440B-89B6-7B60F83EAE3D}.Release|Any CPU.Build.0 = Release|Any CPU
		{570965FA-B273-45E7-AFF8-21E0FA722E2A}.Debug|Any CPU.ActiveCfg = Debug|Any CPU
		{570965FA-B273-45E7-AFF8-21E0FA722E2A}.Debug|Any CPU.Build.0 = Debug|Any CPU
		{570965FA-B273-45E7-AFF8-21E0FA722E2A}.Release|Any CPU.ActiveCfg = Release|Any CPU
		{570965FA-B273-45E7-AFF8-21E0FA722E2A}.Release|Any CPU.Build.0 = Release|Any CPU
		{5816C966-B375-407E-812C-80D305E7EC7C}.Debug|Any CPU.ActiveCfg = Debug|Any CPU
		{5816C966-B375-407E-812C-80D305E7EC7C}.Debug|Any CPU.Build.0 = Debug|Any CPU
		{5816C966-B375-407E-812C-80D305E7EC7C}.Release|Any CPU.ActiveCfg = Release|Any CPU
		{5816C966-B375-407E-812C-80D305E7EC7C}.Release|Any CPU.Build.0 = Release|Any CPU
		{B5075D0F-58E3-428F-AFC4-01BB724E6E1D}.Debug|Any CPU.ActiveCfg = Debug|Any CPU
		{B5075D0F-58E3-428F-AFC4-01BB724E6E1D}.Debug|Any CPU.Build.0 = Debug|Any CPU
		{B5075D0F-58E3-428F-AFC4-01BB724E6E1D}.Release|Any CPU.ActiveCfg = Release|Any CPU
		{B5075D0F-58E3-428F-AFC4-01BB724E6E1D}.Release|Any CPU.Build.0 = Release|Any CPU
		{E6A6A929-0CE1-4CD7-9EA6-EB31381E91A3}.Debug|Any CPU.ActiveCfg = Debug|Any CPU
		{E6A6A929-0CE1-4CD7-9EA6-EB31381E91A3}.Debug|Any CPU.Build.0 = Debug|Any CPU
		{E6A6A929-0CE1-4CD7-9EA6-EB31381E91A3}.Release|Any CPU.ActiveCfg = Release|Any CPU
		{E6A6A929-0CE1-4CD7-9EA6-EB31381E91A3}.Release|Any CPU.Build.0 = Release|Any CPU
		{6CCF3CC5-C884-4B89-BB28-3A37CEEE877B}.Debug|Any CPU.ActiveCfg = Debug|Any CPU
		{6CCF3CC5-C884-4B89-BB28-3A37CEEE877B}.Debug|Any CPU.Build.0 = Debug|Any CPU
		{6CCF3CC5-C884-4B89-BB28-3A37CEEE877B}.Release|Any CPU.ActiveCfg = Release|Any CPU
		{6CCF3CC5-C884-4B89-BB28-3A37CEEE877B}.Release|Any CPU.Build.0 = Release|Any CPU
		{359B50E2-0189-4A84-842B-E90E7C9A7D02}.Debug|Any CPU.ActiveCfg = Debug|Any CPU
		{359B50E2-0189-4A84-842B-E90E7C9A7D02}.Debug|Any CPU.Build.0 = Debug|Any CPU
		{359B50E2-0189-4A84-842B-E90E7C9A7D02}.Release|Any CPU.ActiveCfg = Release|Any CPU
		{359B50E2-0189-4A84-842B-E90E7C9A7D02}.Release|Any CPU.Build.0 = Release|Any CPU
		{E566DB3A-568F-4E79-8AC6-7933C140B574}.Debug|Any CPU.ActiveCfg = Debug|Any CPU
		{E566DB3A-568F-4E79-8AC6-7933C140B574}.Debug|Any CPU.Build.0 = Debug|Any CPU
		{E566DB3A-568F-4E79-8AC6-7933C140B574}.Release|Any CPU.ActiveCfg = Release|Any CPU
		{E566DB3A-568F-4E79-8AC6-7933C140B574}.Release|Any CPU.Build.0 = Release|Any CPU
		{AD9EDCC5-BA71-4975-BF03-ACDED5AED8CF}.Debug|Any CPU.ActiveCfg = Debug|Any CPU
		{AD9EDCC5-BA71-4975-BF03-ACDED5AED8CF}.Debug|Any CPU.Build.0 = Debug|Any CPU
		{AD9EDCC5-BA71-4975-BF03-ACDED5AED8CF}.Release|Any CPU.ActiveCfg = Release|Any CPU
		{AD9EDCC5-BA71-4975-BF03-ACDED5AED8CF}.Release|Any CPU.Build.0 = Release|Any CPU
		{F69277DC-BFDB-4AA2-818C-EA645C528ECB}.Debug|Any CPU.ActiveCfg = Debug|Any CPU
		{F69277DC-BFDB-4AA2-818C-EA645C528ECB}.Debug|Any CPU.Build.0 = Debug|Any CPU
		{F69277DC-BFDB-4AA2-818C-EA645C528ECB}.Release|Any CPU.ActiveCfg = Release|Any CPU
		{F69277DC-BFDB-4AA2-818C-EA645C528ECB}.Release|Any CPU.Build.0 = Release|Any CPU
	EndGlobalSection
	GlobalSection(SolutionProperties) = preSolution
		HideSolutionNode = FALSE
	EndGlobalSection
	GlobalSection(ExtensibilityGlobals) = postSolution
		SolutionGuid = {FC46B76A-16BA-4CBE-8CE3-C78474485968}
	EndGlobalSection
EndGlobal
